
Microsoft Visual Studio Solution File, Format Version 12.00
# Visual Studio Version 17
VisualStudioVersion = 17.8.34322.80
MinimumVisualStudioVersion = 10.0.40219.1
Project("{FAE04EC0-301F-11D3-BF4B-00C04F79EFBC}") = "DigiStore", "DigiStore.csproj", "{BE531CD6-3539-42C8-84C4-F79F14534EDE}"
EndProject
Project("{FAE04EC0-301F-11D3-BF4B-00C04F79EFBC}") = "DigiStore.DataAccessLayer", "..\DigiStore.DataAccessLayer\DigiStore.DataAccessLayer.csproj", "{504C75ED-34C7-4DCC-9089-D649F3063D47}"
EndProject
Project("{FAE04EC0-301F-11D3-BF4B-00C04F79EFBC}") = "DigiStore.Core", "..\DigiStore.Core\DigiStore.Core.csproj", "{00CE9811-ACF8-448D-A002-E317F9FA93A9}"
EndProject
Global
	GlobalSection(SolutionConfigurationPlatforms) = preSolution
		Debug|Any CPU = Debug|Any CPU
		Release|Any CPU = Release|Any CPU
	EndGlobalSection
	GlobalSection(ProjectConfigurationPlatforms) = postSolution
		{BE531CD6-3539-42C8-84C4-F79F14534EDE}.Debug|Any CPU.ActiveCfg = Debug|Any CPU
		{BE531CD6-3539-42C8-84C4-F79F14534EDE}.Debug|Any CPU.Build.0 = Debug|Any CPU
		{BE531CD6-3539-42C8-84C4-F79F14534EDE}.Release|Any CPU.ActiveCfg = Release|Any CPU
		{BE531CD6-3539-42C8-84C4-F79F14534EDE}.Release|Any CPU.Build.0 = Release|Any CPU
		{504C75ED-34C7-4DCC-9089-D649F3063D47}.Debug|Any CPU.ActiveCfg = Debug|Any CPU
		{504C75ED-34C7-4DCC-9089-D649F3063D47}.Debug|Any CPU.Build.0 = Debug|Any CPU
		{504C75ED-34C7-4DCC-9089-D649F3063D47}.Release|Any CPU.ActiveCfg = Release|Any CPU
		{504C75ED-34C7-4DCC-9089-D649F3063D47}.Release|Any CPU.Build.0 = Release|Any CPU
		{00CE9811-ACF8-448D-A002-E317F9FA93A9}.Debug|Any CPU.ActiveCfg = Debug|Any CPU
		{00CE9811-ACF8-448D-A002-E317F9FA93A9}.Debug|Any CPU.Build.0 = Debug|Any CPU
		{00CE9811-ACF8-448D-A002-E317F9FA93A9}.Release|Any CPU.ActiveCfg = Release|Any CPU
		{00CE9811-ACF8-448D-A002-E317F9FA93A9}.Release|Any CPU.Build.0 = Release|Any CPU
	EndGlobalSection
	GlobalSection(SolutionProperties) = preSolution
		HideSolutionNode = FALSE
	EndGlobalSection
	GlobalSection(ExtensibilityGlobals) = postSolution
		SolutionGuid = {F3334792-0629-407D-858F-0F2EEFA7C811}
	EndGlobalSection
EndGlobal
